
Microsoft Visual Studio Solution File, Format Version 12.00
# Visual Studio Version 16
VisualStudioVersion = 16.0.31112.23
MinimumVisualStudioVersion = 10.0.40219.1
Project("{9A19103F-16F7-4668-BE54-9A1E7A4F7556}") = "Login_API_Project", "Login_API_Project\Login_API_Project.csproj", "{54AABF00-2887-495D-87EC-49DDEF75E714}"
EndProject
Project("{FAE04EC0-301F-11D3-BF4B-00C04F79EFBC}") = "UnitTestLogin", "UnitTestLogin\UnitTestLogin.csproj", "{AAD7B9A8-E01A-4D23-9B81-7FE5F398F433}"
EndProject
Global
	GlobalSection(SolutionConfigurationPlatforms) = preSolution
		Debug|Any CPU = Debug|Any CPU
		Release|Any CPU = Release|Any CPU
	EndGlobalSection
	GlobalSection(ProjectConfigurationPlatforms) = postSolution
		{54AABF00-2887-495D-87EC-49DDEF75E714}.Debug|Any CPU.ActiveCfg = Debug|Any CPU
		{54AABF00-2887-495D-87EC-49DDEF75E714}.Debug|Any CPU.Build.0 = Debug|Any CPU
		{54AABF00-2887-495D-87EC-49DDEF75E714}.Release|Any CPU.ActiveCfg = Release|Any CPU
		{54AABF00-2887-495D-87EC-49DDEF75E714}.Release|Any CPU.Build.0 = Release|Any CPU
		{AAD7B9A8-E01A-4D23-9B81-7FE5F398F433}.Debug|Any CPU.ActiveCfg = Debug|Any CPU
		{AAD7B9A8-E01A-4D23-9B81-7FE5F398F433}.Debug|Any CPU.Build.0 = Debug|Any CPU
		{AAD7B9A8-E01A-4D23-9B81-7FE5F398F433}.Release|Any CPU.ActiveCfg = Release|Any CPU
		{AAD7B9A8-E01A-4D23-9B81-7FE5F398F433}.Release|Any CPU.Build.0 = Release|Any CPU
	EndGlobalSection
	GlobalSection(SolutionProperties) = preSolution
		HideSolutionNode = FALSE
	EndGlobalSection
	GlobalSection(ExtensibilityGlobals) = postSolution
		SolutionGuid = {2191FD78-869A-4B45-9F56-ECBB696A87F2}
	EndGlobalSection
EndGlobal
